
Microsoft Visual Studio Solution File, Format Version 12.00
# Visual Studio 15
VisualStudioVersion = 15.0.28307.329
MinimumVisualStudioVersion = 10.0.40219.1
Project("{9A19103F-16F7-4668-BE54-9A1E7A4F7556}") = "Learning_Platform_of_DSAA", "Learning_Platform_of_DSAA\Learning_Platform_of_DSAA.csproj", "{B5AA471D-AF8F-4F1F-8B11-0CA8172A3C39}"
EndProject
Project("{9A19103F-16F7-4668-BE54-9A1E7A4F7556}") = "DSAA.Service", "DSAA.Service\DSAA.Service.csproj", "{5FBE3807-69C4-4D7C-BC0C-CC985620B235}"
EndProject
Project("{9A19103F-16F7-4668-BE54-9A1E7A4F7556}") = "DSAA.Utilities", "DSAA.Utilities\DSAA.Utilities.csproj", "{D955F364-0DC2-4FB4-82B1-7082208764C1}"
EndProject
Project("{9A19103F-16F7-4668-BE54-9A1E7A4F7556}") = "DSAA.EntityFrameworkCore", "DSAA.EntityFrameworkCore\DSAA.EntityFrameworkCore.csproj", "{1335A3F6-B307-4BFB-9055-13D5616897A8}"
EndProject
Project("{9A19103F-16F7-4668-BE54-9A1E7A4F7556}") = "DSAA.Repository", "DSAA.Repository\DSAA.Repository.csproj", "{D6D24468-A813-48C5-8295-BE50D0AC2B63}"
EndProject
Global
	GlobalSection(SolutionConfigurationPlatforms) = preSolution
		Debug|Any CPU = Debug|Any CPU
		Release|Any CPU = Release|Any CPU
	EndGlobalSection
	GlobalSection(ProjectConfigurationPlatforms) = postSolution
		{B5AA471D-AF8F-4F1F-8B11-0CA8172A3C39}.Debug|Any CPU.ActiveCfg = Debug|Any CPU
		{B5AA471D-AF8F-4F1F-8B11-0CA8172A3C39}.Debug|Any CPU.Build.0 = Debug|Any CPU
		{B5AA471D-AF8F-4F1F-8B11-0CA8172A3C39}.Release|Any CPU.ActiveCfg = Release|Any CPU
		{B5AA471D-AF8F-4F1F-8B11-0CA8172A3C39}.Release|Any CPU.Build.0 = Release|Any CPU
		{5FBE3807-69C4-4D7C-BC0C-CC985620B235}.Debug|Any CPU.ActiveCfg = Debug|Any CPU
		{5FBE3807-69C4-4D7C-BC0C-CC985620B235}.Debug|Any CPU.Build.0 = Debug|Any CPU
		{5FBE3807-69C4-4D7C-BC0C-CC985620B235}.Release|Any CPU.ActiveCfg = Release|Any CPU
		{5FBE3807-69C4-4D7C-BC0C-CC985620B235}.Release|Any CPU.Build.0 = Release|Any CPU
		{D955F364-0DC2-4FB4-82B1-7082208764C1}.Debug|Any CPU.ActiveCfg = Debug|Any CPU
		{D955F364-0DC2-4FB4-82B1-7082208764C1}.Debug|Any CPU.Build.0 = Debug|Any CPU
		{D955F364-0DC2-4FB4-82B1-7082208764C1}.Release|Any CPU.ActiveCfg = Release|Any CPU
		{D955F364-0DC2-4FB4-82B1-7082208764C1}.Release|Any CPU.Build.0 = Release|Any CPU
		{1335A3F6-B307-4BFB-9055-13D5616897A8}.Debug|Any CPU.ActiveCfg = Debug|Any CPU
		{1335A3F6-B307-4BFB-9055-13D5616897A8}.Debug|Any CPU.Build.0 = Debug|Any CPU
		{1335A3F6-B307-4BFB-9055-13D5616897A8}.Release|Any CPU.ActiveCfg = Release|Any CPU
		{1335A3F6-B307-4BFB-9055-13D5616897A8}.Release|Any CPU.Build.0 = Release|Any CPU
		{D6D24468-A813-48C5-8295-BE50D0AC2B63}.Debug|Any CPU.ActiveCfg = Debug|Any CPU
		{D6D24468-A813-48C5-8295-BE50D0AC2B63}.Debug|Any CPU.Build.0 = Debug|Any CPU
		{D6D24468-A813-48C5-8295-BE50D0AC2B63}.Release|Any CPU.ActiveCfg = Release|Any CPU
		{D6D24468-A813-48C5-8295-BE50D0AC2B63}.Release|Any CPU.Build.0 = Release|Any CPU
	EndGlobalSection
	GlobalSection(SolutionProperties) = preSolution
		HideSolutionNode = FALSE
	EndGlobalSection
	GlobalSection(ExtensibilityGlobals) = postSolution
		SolutionGuid = {3178B78B-FAB1-4CEA-B119-4785D18A249C}
	EndGlobalSection
EndGlobal
