
Microsoft Visual Studio Solution File, Format Version 12.00
# Visual Studio 15
VisualStudioVersion = 15.0.28307.168
MinimumVisualStudioVersion = 10.0.40219.1
Project("{FAE04EC0-301F-11D3-BF4B-00C04F79EFBC}") = "Learning Platform of DSAA", "Learning Platform of DSAA\Learning Platform of DSAA.csproj", "{94CA26E9-D354-4197-9218-D33986B2610C}"
EndProject
Global
	GlobalSection(SolutionConfigurationPlatforms) = preSolution
		Debug|Any CPU = Debug|Any CPU
		Release|Any CPU = Release|Any CPU
	EndGlobalSection
	GlobalSection(ProjectConfigurationPlatforms) = postSolution
		{94CA26E9-D354-4197-9218-D33986B2610C}.Debug|Any CPU.ActiveCfg = Debug|Any CPU
		{94CA26E9-D354-4197-9218-D33986B2610C}.Debug|Any CPU.Build.0 = Debug|Any CPU
		{94CA26E9-D354-4197-9218-D33986B2610C}.Release|Any CPU.ActiveCfg = Release|Any CPU
		{94CA26E9-D354-4197-9218-D33986B2610C}.Release|Any CPU.Build.0 = Release|Any CPU
	EndGlobalSection
	GlobalSection(SolutionProperties) = preSolution
		HideSolutionNode = FALSE
	EndGlobalSection
	GlobalSection(ExtensibilityGlobals) = postSolution
		SolutionGuid = {AA792449-CDA9-4DC9-8621-BF61B0B97993}
	EndGlobalSection
EndGlobal
